{
  "name": "ajs_new",
  "version": "1.0.0",
  "lockfileVersion": 2,
  "requires": true,
  "packages": {
    "": {
      "name": "ajs_new",
      "version": "1.0.0",
      "license": "ISC",
      "dependencies": {
        "@alex-golovko/ajs": "^1.0.0"
      }
    },
    "node_modules/@alex-golovko/ajs": {
      "version": "1.0.0",
      "resolved": "https://npm.pkg.github.com/download/@alex-golovko/ajs/1.0.0/89f5b45c20ad3a129083a849d3aac2ec5a986bf0",
      "integrity": "sha512-+mr2lfPwG1umKvLvqryyb+cgsZ7Rj9A8IYeRSfaQtx0qP/H4BAwqpmuVbM5quC+xHka2o/8IiIPMLXBw/VDFEw==",
      "license": "ISC"
    }
  },
  "dependencies": {
    "@alex-golovko/ajs": {
      "version": "1.0.0",
      "resolved": "https://npm.pkg.github.com/download/@alex-golovko/ajs/1.0.0/89f5b45c20ad3a129083a849d3aac2ec5a986bf0",
      "integrity": "sha512-+mr2lfPwG1umKvLvqryyb+cgsZ7Rj9A8IYeRSfaQtx0qP/H4BAwqpmuVbM5quC+xHka2o/8IiIPMLXBw/VDFEw=="
    }
  }
}
